
Microsoft Visual Studio Solution File, Format Version 12.00
# Visual Studio Version 16
VisualStudioVersion = 16.0.30517.126
MinimumVisualStudioVersion = 10.0.40219.1
Project("{FAE04EC0-301F-11D3-BF4B-00C04F79EFBC}") = "OOP_PART1", "OOP_PART1\OOP_PART1.csproj", "{3BAA9556-04D5-48CA-9DF6-E653B9CF8E75}"
EndProject
Project("{FAE04EC0-301F-11D3-BF4B-00C04F79EFBC}") = "cat", "cat\cat.csproj", "{7AF6F7F2-37D5-4C97-94E6-078A630177FD}"
EndProject
Project("{FAE04EC0-301F-11D3-BF4B-00C04F79EFBC}") = "OOPCAT", "OOPCAT\OOPCAT.csproj", "{0DE61700-80EA-4EFC-890A-2B5E96DA232B}"
EndProject
Global
	GlobalSection(SolutionConfigurationPlatforms) = preSolution
		Debug|Any CPU = Debug|Any CPU
		Release|Any CPU = Release|Any CPU
	EndGlobalSection
	GlobalSection(ProjectConfigurationPlatforms) = postSolution
		{3BAA9556-04D5-48CA-9DF6-E653B9CF8E75}.Debug|Any CPU.ActiveCfg = Debug|Any CPU
		{3BAA9556-04D5-48CA-9DF6-E653B9CF8E75}.Debug|Any CPU.Build.0 = Debug|Any CPU
		{3BAA9556-04D5-48CA-9DF6-E653B9CF8E75}.Release|Any CPU.ActiveCfg = Release|Any CPU
		{3BAA9556-04D5-48CA-9DF6-E653B9CF8E75}.Release|Any CPU.Build.0 = Release|Any CPU
		{7AF6F7F2-37D5-4C97-94E6-078A630177FD}.Debug|Any CPU.ActiveCfg = Debug|Any CPU
		{7AF6F7F2-37D5-4C97-94E6-078A630177FD}.Debug|Any CPU.Build.0 = Debug|Any CPU
		{7AF6F7F2-37D5-4C97-94E6-078A630177FD}.Release|Any CPU.ActiveCfg = Release|Any CPU
		{7AF6F7F2-37D5-4C97-94E6-078A630177FD}.Release|Any CPU.Build.0 = Release|Any CPU
		{0DE61700-80EA-4EFC-890A-2B5E96DA232B}.Debug|Any CPU.ActiveCfg = Debug|Any CPU
		{0DE61700-80EA-4EFC-890A-2B5E96DA232B}.Debug|Any CPU.Build.0 = Debug|Any CPU
		{0DE61700-80EA-4EFC-890A-2B5E96DA232B}.Release|Any CPU.ActiveCfg = Release|Any CPU
		{0DE61700-80EA-4EFC-890A-2B5E96DA232B}.Release|Any CPU.Build.0 = Release|Any CPU
	EndGlobalSection
	GlobalSection(SolutionProperties) = preSolution
		HideSolutionNode = FALSE
	EndGlobalSection
	GlobalSection(ExtensibilityGlobals) = postSolution
		SolutionGuid = {7FEE05BA-1916-4513-B476-AC3A1E088767}
	EndGlobalSection
EndGlobal
